
Microsoft Visual Studio Solution File, Format Version 12.00
# Visual Studio Version 16
VisualStudioVersion = 16.0.30717.126
MinimumVisualStudioVersion = 10.0.40219.1
Project("{FAE04EC0-301F-11D3-BF4B-00C04F79EFBC}") = "ServerChatApp_110_Muhammad Wachid", "ServerChatApp_110_Muhammad Wachid\ServerChatApp_110_Muhammad Wachid.csproj", "{1D41961C-1D09-4474-BCF9-5B48B4BE3651}"
EndProject
Global
	GlobalSection(SolutionConfigurationPlatforms) = preSolution
		Debug|Any CPU = Debug|Any CPU
		Release|Any CPU = Release|Any CPU
	EndGlobalSection
	GlobalSection(ProjectConfigurationPlatforms) = postSolution
		{1D41961C-1D09-4474-BCF9-5B48B4BE3651}.Debug|Any CPU.ActiveCfg = Debug|Any CPU
		{1D41961C-1D09-4474-BCF9-5B48B4BE3651}.Debug|Any CPU.Build.0 = Debug|Any CPU
		{1D41961C-1D09-4474-BCF9-5B48B4BE3651}.Release|Any CPU.ActiveCfg = Release|Any CPU
		{1D41961C-1D09-4474-BCF9-5B48B4BE3651}.Release|Any CPU.Build.0 = Release|Any CPU
	EndGlobalSection
	GlobalSection(SolutionProperties) = preSolution
		HideSolutionNode = FALSE
	EndGlobalSection
	GlobalSection(ExtensibilityGlobals) = postSolution
		SolutionGuid = {41EDCCC9-FE3B-4468-B0C2-FFCE6F482BD5}
	EndGlobalSection
EndGlobal
